
Microsoft Visual Studio Solution File, Format Version 12.00
# Visual Studio Version 16
VisualStudioVersion = 16.0.29209.152
MinimumVisualStudioVersion = 10.0.40219.1
Project("{2150E333-8FDC-42A3-9474-1A3956D46DE8}") = "src", "src", "{106AE906-5075-410A-B941-912F811848EE}"
EndProject
Project("{2150E333-8FDC-42A3-9474-1A3956D46DE8}") = "tests", "tests", "{B31B4797-1D9F-4288-808C-BE9A31A98C7D}"
EndProject
Project("{9A19103F-16F7-4668-BE54-9A1E7A4F7556}") = "App", "src\App\App.csproj", "{C9751CB7-4CD6-4633-A99A-4F6ADD525437}"
EndProject
Project("{2150E333-8FDC-42A3-9474-1A3956D46DE8}") = "Solution Items", "Solution Items", "{250F283E-FE2F-4BBD-9E63-A2265B84E23F}"
	ProjectSection(SolutionItems) = preProject
		azure-pipelines.yml = azure-pipelines.yml
		DeploymentSettings.props = DeploymentSettings.props
		Directory.Build.props = Directory.Build.props
		Directory.Build.targets = Directory.Build.targets
		nuget.config = nuget.config
		Packages.props = Packages.props
	EndProjectSection
EndProject
Project("{9A19103F-16F7-4668-BE54-9A1E7A4F7556}") = "WebApi.Tests", "tests\WebApi.Tests\WebApi.Tests.csproj", "{7D84EFEE-A7D9-44AD-A0A3-38EC7882D94C}"
	ProjectSection(ProjectDependencies) = postProject
		{C9751CB7-4CD6-4633-A99A-4F6ADD525437} = {C9751CB7-4CD6-4633-A99A-4F6ADD525437}
	EndProjectSection
EndProject
Project("{9A19103F-16F7-4668-BE54-9A1E7A4F7556}") = "Persistence.Tests", "tests\Persistence.Tests\Persistence.Tests.csproj", "{0776DC14-9000-47A4-A3F4-ECBCF8CEBC17}"
EndProject
Project("{9A19103F-16F7-4668-BE54-9A1E7A4F7556}") = "Application.Services.Tests", "tests\Application.Services.Tests\Application.Services.Tests.csproj", "{1DC7F5A0-DDF7-4975-84EB-05F4FC1B6AB5}"
EndProject
Project("{2150E333-8FDC-42A3-9474-1A3956D46DE8}") = "Core", "Core", "{D47A5C0C-5F1C-47F4-8976-53D5AD3964D1}"
EndProject
Project("{FAE04EC0-301F-11D3-BF4B-00C04F79EFBC}") = "Domain", "src\Core\Domain\Domain.csproj", "{B93AB370-79C9-4CE3-9A34-5409D69ED75C}"
EndProject
Project("{FAE04EC0-301F-11D3-BF4B-00C04F79EFBC}") = "Application.Services", "src\Core\Application.Services\Application.Services.csproj", "{CAA6FA1A-65FB-4DCE-A12F-2A616700B9BA}"
EndProject
Project("{2150E333-8FDC-42A3-9474-1A3956D46DE8}") = "Infrastructure", "Infrastructure", "{A7171C7A-40EB-478C-9543-27DD807647C0}"
EndProject
Project("{FAE04EC0-301F-11D3-BF4B-00C04F79EFBC}") = "Persistence", "src\Infrastructure\Persistence\Persistence.csproj", "{41612603-8545-4055-8F06-48E6B6A80D3E}"
EndProject
Project("{FAE04EC0-301F-11D3-BF4B-00C04F79EFBC}") = "WebApi", "src\Infrastructure\WebApi\WebApi.csproj", "{B5E3655A-B5C4-4B33-97F5-CA1A06B99126}"
EndProject
Project("{2150E333-8FDC-42A3-9474-1A3956D46DE8}") = "Infrastructure", "Infrastructure", "{968BB8C5-DEDF-4DCA-8080-5DC06A48256F}"
EndProject
Project("{2150E333-8FDC-42A3-9474-1A3956D46DE8}") = "Core", "Core", "{4AAB1FF8-5CAC-46D8-B3B5-568640EDCD91}"
EndProject
Project("{2150E333-8FDC-42A3-9474-1A3956D46DE8}") = "docker", "docker", "{33915585-63CD-4875-9F01-389E716A77C3}"
ProjectSection(SolutionItems) = preProject
	docker\docker-compose.yaml = docker\docker-compose.yaml
EndProjectSection
EndProject
Global
	GlobalSection(SolutionConfigurationPlatforms) = preSolution
		Debug|Any CPU = Debug|Any CPU
		Debug|x64 = Debug|x64
		Debug|x86 = Debug|x86
		Release|Any CPU = Release|Any CPU
		Release|x64 = Release|x64
		Release|x86 = Release|x86
	EndGlobalSection
	GlobalSection(ProjectConfigurationPlatforms) = postSolution
		{C9751CB7-4CD6-4633-A99A-4F6ADD525437}.Debug|Any CPU.ActiveCfg = Debug|Any CPU
		{C9751CB7-4CD6-4633-A99A-4F6ADD525437}.Debug|Any CPU.Build.0 = Debug|Any CPU
		{C9751CB7-4CD6-4633-A99A-4F6ADD525437}.Debug|x64.ActiveCfg = Debug|Any CPU
		{C9751CB7-4CD6-4633-A99A-4F6ADD525437}.Debug|x64.Build.0 = Debug|Any CPU
		{C9751CB7-4CD6-4633-A99A-4F6ADD525437}.Debug|x86.ActiveCfg = Debug|Any CPU
		{C9751CB7-4CD6-4633-A99A-4F6ADD525437}.Debug|x86.Build.0 = Debug|Any CPU
		{C9751CB7-4CD6-4633-A99A-4F6ADD525437}.Release|Any CPU.ActiveCfg = Release|Any CPU
		{C9751CB7-4CD6-4633-A99A-4F6ADD525437}.Release|Any CPU.Build.0 = Release|Any CPU
		{C9751CB7-4CD6-4633-A99A-4F6ADD525437}.Release|x64.ActiveCfg = Release|Any CPU
		{C9751CB7-4CD6-4633-A99A-4F6ADD525437}.Release|x64.Build.0 = Release|Any CPU
		{C9751CB7-4CD6-4633-A99A-4F6ADD525437}.Release|x86.ActiveCfg = Release|Any CPU
		{C9751CB7-4CD6-4633-A99A-4F6ADD525437}.Release|x86.Build.0 = Release|Any CPU
		{7D84EFEE-A7D9-44AD-A0A3-38EC7882D94C}.Debug|Any CPU.ActiveCfg = Debug|Any CPU
		{7D84EFEE-A7D9-44AD-A0A3-38EC7882D94C}.Debug|Any CPU.Build.0 = Debug|Any CPU
		{7D84EFEE-A7D9-44AD-A0A3-38EC7882D94C}.Debug|x64.ActiveCfg = Debug|Any CPU
		{7D84EFEE-A7D9-44AD-A0A3-38EC7882D94C}.Debug|x64.Build.0 = Debug|Any CPU
		{7D84EFEE-A7D9-44AD-A0A3-38EC7882D94C}.Debug|x86.ActiveCfg = Debug|Any CPU
		{7D84EFEE-A7D9-44AD-A0A3-38EC7882D94C}.Debug|x86.Build.0 = Debug|Any CPU
		{7D84EFEE-A7D9-44AD-A0A3-38EC7882D94C}.Release|Any CPU.ActiveCfg = Release|Any CPU
		{7D84EFEE-A7D9-44AD-A0A3-38EC7882D94C}.Release|Any CPU.Build.0 = Release|Any CPU
		{7D84EFEE-A7D9-44AD-A0A3-38EC7882D94C}.Release|x64.ActiveCfg = Release|Any CPU
		{7D84EFEE-A7D9-44AD-A0A3-38EC7882D94C}.Release|x64.Build.0 = Release|Any CPU
		{7D84EFEE-A7D9-44AD-A0A3-38EC7882D94C}.Release|x86.ActiveCfg = Release|Any CPU
		{7D84EFEE-A7D9-44AD-A0A3-38EC7882D94C}.Release|x86.Build.0 = Release|Any CPU
		{0776DC14-9000-47A4-A3F4-ECBCF8CEBC17}.Debug|Any CPU.ActiveCfg = Debug|Any CPU
		{0776DC14-9000-47A4-A3F4-ECBCF8CEBC17}.Debug|Any CPU.Build.0 = Debug|Any CPU
		{0776DC14-9000-47A4-A3F4-ECBCF8CEBC17}.Debug|x64.ActiveCfg = Debug|Any CPU
		{0776DC14-9000-47A4-A3F4-ECBCF8CEBC17}.Debug|x64.Build.0 = Debug|Any CPU
		{0776DC14-9000-47A4-A3F4-ECBCF8CEBC17}.Debug|x86.ActiveCfg = Debug|Any CPU
		{0776DC14-9000-47A4-A3F4-ECBCF8CEBC17}.Debug|x86.Build.0 = Debug|Any CPU
		{0776DC14-9000-47A4-A3F4-ECBCF8CEBC17}.Release|Any CPU.ActiveCfg = Release|Any CPU
		{0776DC14-9000-47A4-A3F4-ECBCF8CEBC17}.Release|Any CPU.Build.0 = Release|Any CPU
		{0776DC14-9000-47A4-A3F4-ECBCF8CEBC17}.Release|x64.ActiveCfg = Release|Any CPU
		{0776DC14-9000-47A4-A3F4-ECBCF8CEBC17}.Release|x64.Build.0 = Release|Any CPU
		{0776DC14-9000-47A4-A3F4-ECBCF8CEBC17}.Release|x86.ActiveCfg = Release|Any CPU
		{0776DC14-9000-47A4-A3F4-ECBCF8CEBC17}.Release|x86.Build.0 = Release|Any CPU
		{1DC7F5A0-DDF7-4975-84EB-05F4FC1B6AB5}.Debug|Any CPU.ActiveCfg = Debug|Any CPU
		{1DC7F5A0-DDF7-4975-84EB-05F4FC1B6AB5}.Debug|Any CPU.Build.0 = Debug|Any CPU
		{1DC7F5A0-DDF7-4975-84EB-05F4FC1B6AB5}.Debug|x64.ActiveCfg = Debug|Any CPU
		{1DC7F5A0-DDF7-4975-84EB-05F4FC1B6AB5}.Debug|x64.Build.0 = Debug|Any CPU
		{1DC7F5A0-DDF7-4975-84EB-05F4FC1B6AB5}.Debug|x86.ActiveCfg = Debug|Any CPU
		{1DC7F5A0-DDF7-4975-84EB-05F4FC1B6AB5}.Debug|x86.Build.0 = Debug|Any CPU
		{1DC7F5A0-DDF7-4975-84EB-05F4FC1B6AB5}.Release|Any CPU.ActiveCfg = Release|Any CPU
		{1DC7F5A0-DDF7-4975-84EB-05F4FC1B6AB5}.Release|Any CPU.Build.0 = Release|Any CPU
		{1DC7F5A0-DDF7-4975-84EB-05F4FC1B6AB5}.Release|x64.ActiveCfg = Release|Any CPU
		{1DC7F5A0-DDF7-4975-84EB-05F4FC1B6AB5}.Release|x64.Build.0 = Release|Any CPU
		{1DC7F5A0-DDF7-4975-84EB-05F4FC1B6AB5}.Release|x86.ActiveCfg = Release|Any CPU
		{1DC7F5A0-DDF7-4975-84EB-05F4FC1B6AB5}.Release|x86.Build.0 = Release|Any CPU
		{B93AB370-79C9-4CE3-9A34-5409D69ED75C}.Debug|Any CPU.ActiveCfg = Debug|Any CPU
		{B93AB370-79C9-4CE3-9A34-5409D69ED75C}.Debug|Any CPU.Build.0 = Debug|Any CPU
		{B93AB370-79C9-4CE3-9A34-5409D69ED75C}.Debug|x64.ActiveCfg = Debug|Any CPU
		{B93AB370-79C9-4CE3-9A34-5409D69ED75C}.Debug|x64.Build.0 = Debug|Any CPU
		{B93AB370-79C9-4CE3-9A34-5409D69ED75C}.Debug|x86.ActiveCfg = Debug|Any CPU
		{B93AB370-79C9-4CE3-9A34-5409D69ED75C}.Debug|x86.Build.0 = Debug|Any CPU
		{B93AB370-79C9-4CE3-9A34-5409D69ED75C}.Release|Any CPU.ActiveCfg = Release|Any CPU
		{B93AB370-79C9-4CE3-9A34-5409D69ED75C}.Release|Any CPU.Build.0 = Release|Any CPU
		{B93AB370-79C9-4CE3-9A34-5409D69ED75C}.Release|x64.ActiveCfg = Release|Any CPU
		{B93AB370-79C9-4CE3-9A34-5409D69ED75C}.Release|x64.Build.0 = Release|Any CPU
		{B93AB370-79C9-4CE3-9A34-5409D69ED75C}.Release|x86.ActiveCfg = Release|Any CPU
		{B93AB370-79C9-4CE3-9A34-5409D69ED75C}.Release|x86.Build.0 = Release|Any CPU
		{CAA6FA1A-65FB-4DCE-A12F-2A616700B9BA}.Debug|Any CPU.ActiveCfg = Debug|Any CPU
		{CAA6FA1A-65FB-4DCE-A12F-2A616700B9BA}.Debug|Any CPU.Build.0 = Debug|Any CPU
		{CAA6FA1A-65FB-4DCE-A12F-2A616700B9BA}.Debug|x64.ActiveCfg = Debug|Any CPU
		{CAA6FA1A-65FB-4DCE-A12F-2A616700B9BA}.Debug|x64.Build.0 = Debug|Any CPU
		{CAA6FA1A-65FB-4DCE-A12F-2A616700B9BA}.Debug|x86.ActiveCfg = Debug|Any CPU
		{CAA6FA1A-65FB-4DCE-A12F-2A616700B9BA}.Debug|x86.Build.0 = Debug|Any CPU
		{CAA6FA1A-65FB-4DCE-A12F-2A616700B9BA}.Release|Any CPU.ActiveCfg = Release|Any CPU
		{CAA6FA1A-65FB-4DCE-A12F-2A616700B9BA}.Release|Any CPU.Build.0 = Release|Any CPU
		{CAA6FA1A-65FB-4DCE-A12F-2A616700B9BA}.Release|x64.ActiveCfg = Release|Any CPU
		{CAA6FA1A-65FB-4DCE-A12F-2A616700B9BA}.Release|x64.Build.0 = Release|Any CPU
		{CAA6FA1A-65FB-4DCE-A12F-2A616700B9BA}.Release|x86.ActiveCfg = Release|Any CPU
		{CAA6FA1A-65FB-4DCE-A12F-2A616700B9BA}.Release|x86.Build.0 = Release|Any CPU
		{41612603-8545-4055-8F06-48E6B6A80D3E}.Debug|Any CPU.ActiveCfg = Debug|Any CPU
		{41612603-8545-4055-8F06-48E6B6A80D3E}.Debug|Any CPU.Build.0 = Debug|Any CPU
		{41612603-8545-4055-8F06-48E6B6A80D3E}.Debug|x64.ActiveCfg = Debug|Any CPU
		{41612603-8545-4055-8F06-48E6B6A80D3E}.Debug|x64.Build.0 = Debug|Any CPU
		{41612603-8545-4055-8F06-48E6B6A80D3E}.Debug|x86.ActiveCfg = Debug|Any CPU
		{41612603-8545-4055-8F06-48E6B6A80D3E}.Debug|x86.Build.0 = Debug|Any CPU
		{41612603-8545-4055-8F06-48E6B6A80D3E}.Release|Any CPU.ActiveCfg = Release|Any CPU
		{41612603-8545-4055-8F06-48E6B6A80D3E}.Release|Any CPU.Build.0 = Release|Any CPU
		{41612603-8545-4055-8F06-48E6B6A80D3E}.Release|x64.ActiveCfg = Release|Any CPU
		{41612603-8545-4055-8F06-48E6B6A80D3E}.Release|x64.Build.0 = Release|Any CPU
		{41612603-8545-4055-8F06-48E6B6A80D3E}.Release|x86.ActiveCfg = Release|Any CPU
		{41612603-8545-4055-8F06-48E6B6A80D3E}.Release|x86.Build.0 = Release|Any CPU
		{B5E3655A-B5C4-4B33-97F5-CA1A06B99126}.Debug|Any CPU.ActiveCfg = Debug|Any CPU
		{B5E3655A-B5C4-4B33-97F5-CA1A06B99126}.Debug|Any CPU.Build.0 = Debug|Any CPU
		{B5E3655A-B5C4-4B33-97F5-CA1A06B99126}.Debug|x64.ActiveCfg = Debug|Any CPU
		{B5E3655A-B5C4-4B33-97F5-CA1A06B99126}.Debug|x64.Build.0 = Debug|Any CPU
		{B5E3655A-B5C4-4B33-97F5-CA1A06B99126}.Debug|x86.ActiveCfg = Debug|Any CPU
		{B5E3655A-B5C4-4B33-97F5-CA1A06B99126}.Debug|x86.Build.0 = Debug|Any CPU
		{B5E3655A-B5C4-4B33-97F5-CA1A06B99126}.Release|Any CPU.ActiveCfg = Release|Any CPU
		{B5E3655A-B5C4-4B33-97F5-CA1A06B99126}.Release|Any CPU.Build.0 = Release|Any CPU
		{B5E3655A-B5C4-4B33-97F5-CA1A06B99126}.Release|x64.ActiveCfg = Release|Any CPU
		{B5E3655A-B5C4-4B33-97F5-CA1A06B99126}.Release|x64.Build.0 = Release|Any CPU
		{B5E3655A-B5C4-4B33-97F5-CA1A06B99126}.Release|x86.ActiveCfg = Release|Any CPU
		{B5E3655A-B5C4-4B33-97F5-CA1A06B99126}.Release|x86.Build.0 = Release|Any CPU
	EndGlobalSection
	GlobalSection(SolutionProperties) = preSolution
		HideSolutionNode = FALSE
	EndGlobalSection
	GlobalSection(NestedProjects) = preSolution
		{C9751CB7-4CD6-4633-A99A-4F6ADD525437} = {106AE906-5075-410A-B941-912F811848EE}
		{D47A5C0C-5F1C-47F4-8976-53D5AD3964D1} = {106AE906-5075-410A-B941-912F811848EE}
		{B93AB370-79C9-4CE3-9A34-5409D69ED75C} = {D47A5C0C-5F1C-47F4-8976-53D5AD3964D1}
		{CAA6FA1A-65FB-4DCE-A12F-2A616700B9BA} = {D47A5C0C-5F1C-47F4-8976-53D5AD3964D1}
		{A7171C7A-40EB-478C-9543-27DD807647C0} = {106AE906-5075-410A-B941-912F811848EE}
		{41612603-8545-4055-8F06-48E6B6A80D3E} = {A7171C7A-40EB-478C-9543-27DD807647C0}
		{B5E3655A-B5C4-4B33-97F5-CA1A06B99126} = {A7171C7A-40EB-478C-9543-27DD807647C0}
		{968BB8C5-DEDF-4DCA-8080-5DC06A48256F} = {B31B4797-1D9F-4288-808C-BE9A31A98C7D}
		{0776DC14-9000-47A4-A3F4-ECBCF8CEBC17} = {968BB8C5-DEDF-4DCA-8080-5DC06A48256F}
		{7D84EFEE-A7D9-44AD-A0A3-38EC7882D94C} = {968BB8C5-DEDF-4DCA-8080-5DC06A48256F}
		{4AAB1FF8-5CAC-46D8-B3B5-568640EDCD91} = {B31B4797-1D9F-4288-808C-BE9A31A98C7D}
		{1DC7F5A0-DDF7-4975-84EB-05F4FC1B6AB5} = {4AAB1FF8-5CAC-46D8-B3B5-568640EDCD91}
	EndGlobalSection
	GlobalSection(ExtensibilityGlobals) = postSolution
		SolutionGuid = {B0F19343-8185-4A9F-9165-0EA8544BC925}
	EndGlobalSection
EndGlobal
